{
  "nodes": {
    "eightQueens": {
      "inputs": {
        "nixpkgs": [
          "nixpkgs"
        ],
        "systems": [
          "systems"
        ]
      },
      "locked": {
        "lastModified": 1738293335,
        "narHash": "sha256-ScFIhY30XPhLqj6fYlxXUjEQqYUyX3ntHkPTboUxtyg=",
        "owner": "nulladmin1",
        "repo": "eightQueens",
        "rev": "762376b6dae4bc1a9dce19257e8d271e94ac32ed",
        "type": "github"
      },
      "original": {
        "owner": "nulladmin1",
        "repo": "eightQueens",
        "type": "github"
      }
    },
    "nixpkgs": {
      "locked": {
        "lastModified": 1739866667,
        "narHash": "sha256-EO1ygNKZlsAC9avfcwHkKGMsmipUk1Uc0TbrEZpkn64=",
        "owner": "nixos",
        "repo": "nixpkgs",
        "rev": "73cf49b8ad837ade2de76f87eb53fc85ed5d4680",
        "type": "github"
      },
      "original": {
        "owner": "nixos",
        "ref": "nixos-unstable",
        "repo": "nixpkgs",
        "type": "github"
      }
    },
    "plague": {
      "inputs": {
        "nixpkgs": [
          "nixpkgs"
        ],
        "systems": [
          "systems"
        ]
      },
      "locked": {
        "lastModified": 1736784938,
        "narHash": "sha256-dRi6php/6/FQkyGgOR8IG73F7hicTM1u0ryJhyh7Vr8=",
        "owner": "nulladmin1",
        "repo": "mp2ExtraCredit",
        "rev": "b3ef1ddee9cc35e0241899989cf0d494b4893648",
        "type": "github"
      },
      "original": {
        "owner": "nulladmin1",
        "repo": "mp2ExtraCredit",
        "type": "github"
      }
    },
    "root": {
      "inputs": {
        "eightQueens": "eightQueens",
        "nixpkgs": "nixpkgs",
        "plague": "plague",
        "systems": "systems"
      }
    },
    "systems": {
      "locked": {
        "lastModified": 1681028828,
        "narHash": "sha256-Vy1rq5AaRuLzOxct8nz4T6wlgyUR7zLU309k9mBC768=",
        "owner": "nix-systems",
        "repo": "default",
        "rev": "da67096a3b9bf56a91d16901293e51ba5b49a27e",
        "type": "github"
      },
      "original": {
        "owner": "nix-systems",
        "repo": "default",
        "type": "github"
      }
    }
  },
  "root": "root",
  "version": 7
}
